[ "amrita": {:git,"git://github.com/josephwilk/amrita.git","5e9ac5c6218056810383cb6afe1f0e0f83c85d24",[]},
  "ex_doc": {:git,"git://github.com/elixir-lang/ex_doc.git","806da084a075ed4a3604951f1eb8ce3e86e85c43",[]},
  "meck": {:git,"git://github.com/eproxus/meck.git","161e240166a0d20e9ffa2be5d0bfa6a981f12aef",[]} ]
